
Microsoft Visual Studio Solution File, Format Version 12.00
# Visual Studio Version 16
VisualStudioVersion = 16.0.31205.134
MinimumVisualStudioVersion = 10.0.40219.1
Project("{FAE04EC0-301F-11D3-BF4B-00C04F79EFBC}") = "H1Emu", "H1Emu.csproj", "{FD4144EF-7498-40FD-BB68-946102532358}"
EndProject
Global
	GlobalSection(SolutionConfigurationPlatforms) = preSolution
		Debug|Any CPU = Debug|Any CPU
		Release|Any CPU = Release|Any CPU
	EndGlobalSection
	GlobalSection(ProjectConfigurationPlatforms) = postSolution
		{FD4144EF-7498-40FD-BB68-946102532358}.Debug|Any CPU.ActiveCfg = Debug|Any CPU
		{FD4144EF-7498-40FD-BB68-946102532358}.Debug|Any CPU.Build.0 = Debug|Any CPU
		{FD4144EF-7498-40FD-BB68-946102532358}.Release|Any CPU.ActiveCfg = Release|Any CPU
		{FD4144EF-7498-40FD-BB68-946102532358}.Release|Any CPU.Build.0 = Release|Any CPU
	EndGlobalSection
	GlobalSection(SolutionProperties) = preSolution
		HideSolutionNode = FALSE
	EndGlobalSection
	GlobalSection(ExtensibilityGlobals) = postSolution
		SolutionGuid = {F8799570-8269-47D9-ABF1-2575874B4601}
	EndGlobalSection
EndGlobal
